
Microsoft Visual Studio Solution File, Format Version 12.00
Project("{2150E333-8FDC-42A3-9474-1A3956D46DE8}") = "Server", "Server", "{B3ACF4AD-8318-4E00-A89E-3759CF6393F8}"
EndProject
Project("{FAE04EC0-301F-11D3-BF4B-00C04F79EFBC}") = "Entities", "Entities\Entities.csproj", "{2A43CE30-0E67-49CB-AA51-A612220DCE3B}"
EndProject
Project("{FAE04EC0-301F-11D3-BF4B-00C04F79EFBC}") = "RepositoryContracts", "RepositoryContracts\RepositoryContracts.csproj", "{59D0E7C6-FC5E-4640-9A8A-036D5988A779}"
EndProject
Project("{FAE04EC0-301F-11D3-BF4B-00C04F79EFBC}") = "CLI", "CLI\CLI.csproj", "{93D514B0-9FC9-4C15-B09C-AEFFDB617BAB}"
EndProject
Project("{FAE04EC0-301F-11D3-BF4B-00C04F79EFBC}") = "FileRepositories", "FileRepositories\FileRepositories.csproj", "{27A19D5D-C0DD-404B-80BD-F37C32986B0D}"
EndProject
Project("{2150E333-8FDC-42A3-9474-1A3956D46DE8}") = "Shared", "Shared", "{994747EC-38DD-42B9-B6E3-30A49A0291AF}"
EndProject
Project("{FAE04EC0-301F-11D3-BF4B-00C04F79EFBC}") = "ApiContracts", "Shared\ApiContracts\ApiContracts.csproj", "{BD5C45CD-F68D-4EE7-A4E2-A6C4A71F2E3A}"
EndProject
Project("{FAE04EC0-301F-11D3-BF4B-00C04F79EFBC}") = "WebAPI", "Server\WebAPI\WebAPI.csproj", "{4165DC4D-05E3-419B-95FC-238395E425E3}"
EndProject
Global
	GlobalSection(SolutionConfigurationPlatforms) = preSolution
		Debug|Any CPU = Debug|Any CPU
		Release|Any CPU = Release|Any CPU
	EndGlobalSection
	GlobalSection(NestedProjects) = preSolution
		{2A43CE30-0E67-49CB-AA51-A612220DCE3B} = {B3ACF4AD-8318-4E00-A89E-3759CF6393F8}
		{59D0E7C6-FC5E-4640-9A8A-036D5988A779} = {B3ACF4AD-8318-4E00-A89E-3759CF6393F8}
		{93D514B0-9FC9-4C15-B09C-AEFFDB617BAB} = {B3ACF4AD-8318-4E00-A89E-3759CF6393F8}
		{27A19D5D-C0DD-404B-80BD-F37C32986B0D} = {B3ACF4AD-8318-4E00-A89E-3759CF6393F8}
		{BD5C45CD-F68D-4EE7-A4E2-A6C4A71F2E3A} = {994747EC-38DD-42B9-B6E3-30A49A0291AF}
		{4165DC4D-05E3-419B-95FC-238395E425E3} = {B3ACF4AD-8318-4E00-A89E-3759CF6393F8}
	EndGlobalSection
	GlobalSection(ProjectConfigurationPlatforms) = postSolution
		{2A43CE30-0E67-49CB-AA51-A612220DCE3B}.Debug|Any CPU.ActiveCfg = Debug|Any CPU
		{2A43CE30-0E67-49CB-AA51-A612220DCE3B}.Debug|Any CPU.Build.0 = Debug|Any CPU
		{2A43CE30-0E67-49CB-AA51-A612220DCE3B}.Release|Any CPU.ActiveCfg = Release|Any CPU
		{2A43CE30-0E67-49CB-AA51-A612220DCE3B}.Release|Any CPU.Build.0 = Release|Any CPU
		{59D0E7C6-FC5E-4640-9A8A-036D5988A779}.Debug|Any CPU.ActiveCfg = Debug|Any CPU
		{59D0E7C6-FC5E-4640-9A8A-036D5988A779}.Debug|Any CPU.Build.0 = Debug|Any CPU
		{59D0E7C6-FC5E-4640-9A8A-036D5988A779}.Release|Any CPU.ActiveCfg = Release|Any CPU
		{59D0E7C6-FC5E-4640-9A8A-036D5988A779}.Release|Any CPU.Build.0 = Release|Any CPU
		{93D514B0-9FC9-4C15-B09C-AEFFDB617BAB}.Debug|Any CPU.ActiveCfg = Debug|Any CPU
		{93D514B0-9FC9-4C15-B09C-AEFFDB617BAB}.Debug|Any CPU.Build.0 = Debug|Any CPU
		{93D514B0-9FC9-4C15-B09C-AEFFDB617BAB}.Release|Any CPU.ActiveCfg = Release|Any CPU
		{93D514B0-9FC9-4C15-B09C-AEFFDB617BAB}.Release|Any CPU.Build.0 = Release|Any CPU
		{27A19D5D-C0DD-404B-80BD-F37C32986B0D}.Debug|Any CPU.ActiveCfg = Debug|Any CPU
		{27A19D5D-C0DD-404B-80BD-F37C32986B0D}.Debug|Any CPU.Build.0 = Debug|Any CPU
		{27A19D5D-C0DD-404B-80BD-F37C32986B0D}.Release|Any CPU.ActiveCfg = Release|Any CPU
		{27A19D5D-C0DD-404B-80BD-F37C32986B0D}.Release|Any CPU.Build.0 = Release|Any CPU
		{BD5C45CD-F68D-4EE7-A4E2-A6C4A71F2E3A}.Debug|Any CPU.ActiveCfg = Debug|Any CPU
		{BD5C45CD-F68D-4EE7-A4E2-A6C4A71F2E3A}.Debug|Any CPU.Build.0 = Debug|Any CPU
		{BD5C45CD-F68D-4EE7-A4E2-A6C4A71F2E3A}.Release|Any CPU.ActiveCfg = Release|Any CPU
		{BD5C45CD-F68D-4EE7-A4E2-A6C4A71F2E3A}.Release|Any CPU.Build.0 = Release|Any CPU
		{4165DC4D-05E3-419B-95FC-238395E425E3}.Debug|Any CPU.ActiveCfg = Debug|Any CPU
		{4165DC4D-05E3-419B-95FC-238395E425E3}.Debug|Any CPU.Build.0 = Debug|Any CPU
		{4165DC4D-05E3-419B-95FC-238395E425E3}.Release|Any CPU.ActiveCfg = Release|Any CPU
		{4165DC4D-05E3-419B-95FC-238395E425E3}.Release|Any CPU.Build.0 = Release|Any CPU
	EndGlobalSection
EndGlobal
